
Microsoft Visual Studio Solution File, Format Version 12.00
# Visual Studio 2012
Project("{FAE04EC0-301F-11D3-BF4B-00C04F79EFBC}") = "Cytotem", "Cytotem\Cytotem.csproj", "{62C78A58-909E-491C-9E88-E8256CCCEC0B}"
EndProject
Global
	GlobalSection(SolutionConfigurationPlatforms) = preSolution
		Debug|Any CPU = Debug|Any CPU
		Release|Any CPU = Release|Any CPU
	EndGlobalSection
	GlobalSection(ProjectConfigurationPlatforms) = postSolution
		{62C78A58-909E-491C-9E88-E8256CCCEC0B}.Debug|Any CPU.ActiveCfg = Debug|Any CPU
		{62C78A58-909E-491C-9E88-E8256CCCEC0B}.Debug|Any CPU.Build.0 = Debug|Any CPU
		{62C78A58-909E-491C-9E88-E8256CCCEC0B}.Release|Any CPU.ActiveCfg = Release|Any CPU
		{62C78A58-909E-491C-9E88-E8256CCCEC0B}.Release|Any CPU.Build.0 = Release|Any CPU
	EndGlobalSection
EndGlobal
